
Microsoft Visual Studio Solution File, Format Version 12.00
# Visual Studio Version 17
VisualStudioVersion = 17.2.32616.157
MinimumVisualStudioVersion = 10.0.40219.1
Project("{FAE04EC0-301F-11D3-BF4B-00C04F79EFBC}") = "api_teste_grupo_a", "api_teste_grupo_a\api_teste_grupo_a.csproj", "{52A0AD02-49AF-41C4-A209-EF1FB2529FBB}"
EndProject
Global
	GlobalSection(SolutionConfigurationPlatforms) = preSolution
		Debug|Any CPU = Debug|Any CPU
		Release|Any CPU = Release|Any CPU
	EndGlobalSection
	GlobalSection(ProjectConfigurationPlatforms) = postSolution
		{52A0AD02-49AF-41C4-A209-EF1FB2529FBB}.Debug|Any CPU.ActiveCfg = Debug|Any CPU
		{52A0AD02-49AF-41C4-A209-EF1FB2529FBB}.Debug|Any CPU.Build.0 = Debug|Any CPU
		{52A0AD02-49AF-41C4-A209-EF1FB2529FBB}.Release|Any CPU.ActiveCfg = Release|Any CPU
		{52A0AD02-49AF-41C4-A209-EF1FB2529FBB}.Release|Any CPU.Build.0 = Release|Any CPU
	EndGlobalSection
	GlobalSection(SolutionProperties) = preSolution
		HideSolutionNode = FALSE
	EndGlobalSection
	GlobalSection(ExtensibilityGlobals) = postSolution
		SolutionGuid = {07E6B5DE-DC1C-4DC5-937D-968931BE453F}
	EndGlobalSection
EndGlobal
